
Microsoft Visual Studio Solution File, Format Version 12.00
# Visual Studio Version 16
VisualStudioVersion = 16.0.31729.503
MinimumVisualStudioVersion = 10.0.40219.1
Project("{FAE04EC0-301F-11D3-BF4B-00C04F79EFBC}") = "Day24UsingLambda", "Day24UsingLambda.csproj", "{2E146022-050C-45C5-B7E2-026C955613EB}"
EndProject
Global
	GlobalSection(SolutionConfigurationPlatforms) = preSolution
		Debug|Any CPU = Debug|Any CPU
		Release|Any CPU = Release|Any CPU
	EndGlobalSection
	GlobalSection(ProjectConfigurationPlatforms) = postSolution
		{2E146022-050C-45C5-B7E2-026C955613EB}.Debug|Any CPU.ActiveCfg = Debug|Any CPU
		{2E146022-050C-45C5-B7E2-026C955613EB}.Debug|Any CPU.Build.0 = Debug|Any CPU
		{2E146022-050C-45C5-B7E2-026C955613EB}.Release|Any CPU.ActiveCfg = Release|Any CPU
		{2E146022-050C-45C5-B7E2-026C955613EB}.Release|Any CPU.Build.0 = Release|Any CPU
	EndGlobalSection
	GlobalSection(SolutionProperties) = preSolution
		HideSolutionNode = FALSE
	EndGlobalSection
	GlobalSection(ExtensibilityGlobals) = postSolution
		SolutionGuid = {4CC049BE-7F91-4AA1-9B06-596CC8E5A06A}
	EndGlobalSection
EndGlobal
